
Microsoft Visual Studio Solution File, Format Version 12.00
# Visual Studio 15
VisualStudioVersion = 15.0.26206.0
MinimumVisualStudioVersion = 10.0.40219.1
Project("{FAE04EC0-301F-11D3-BF4B-00C04F79EFBC}") = "Termulator", "Termulator\Termulator.csproj", "{A2BA7936-E8B3-44C5-8474-E5114B370E8B}"
	ProjectSection(ProjectDependencies) = postProject
		{A740BE5E-A662-488A-9993-1B0BCE29E4FB} = {A740BE5E-A662-488A-9993-1B0BCE29E4FB}
	EndProjectSection
EndProject
Project("{FAE04EC0-301F-11D3-BF4B-00C04F79EFBC}") = "Library", "Library\Library.csproj", "{A740BE5E-A662-488A-9993-1B0BCE29E4FB}"
EndProject
Project("{FAE04EC0-301F-11D3-BF4B-00C04F79EFBC}") = "SharedLibrary", "..\SharedLibrary\SharedLibrary\SharedLibrary.csproj", "{03AB3314-C3C1-4F3B-B336-DEDDF6DECE6F}"
EndProject
Project("{FAE04EC0-301F-11D3-BF4B-00C04F79EFBC}") = "UnitTesting", "UnitTesting\UnitTesting.csproj", "{892BD47B-62A8-4760-AE03-EC07E8D8D3E6}"
EndProject
Global
	GlobalSection(SolutionConfigurationPlatforms) = preSolution
		Debug|Any CPU = Debug|Any CPU
		Debug|Mixed Platforms = Debug|Mixed Platforms
		Debug|x86 = Debug|x86
		Release|Any CPU = Release|Any CPU
		Release|Mixed Platforms = Release|Mixed Platforms
		Release|x86 = Release|x86
	EndGlobalSection
	GlobalSection(ProjectConfigurationPlatforms) = postSolution
		{A2BA7936-E8B3-44C5-8474-E5114B370E8B}.Debug|Any CPU.ActiveCfg = Debug|x86
		{A2BA7936-E8B3-44C5-8474-E5114B370E8B}.Debug|Mixed Platforms.ActiveCfg = Debug|x86
		{A2BA7936-E8B3-44C5-8474-E5114B370E8B}.Debug|Mixed Platforms.Build.0 = Debug|x86
		{A2BA7936-E8B3-44C5-8474-E5114B370E8B}.Debug|x86.ActiveCfg = Debug|x86
		{A2BA7936-E8B3-44C5-8474-E5114B370E8B}.Debug|x86.Build.0 = Debug|x86
		{A2BA7936-E8B3-44C5-8474-E5114B370E8B}.Release|Any CPU.ActiveCfg = Release|x86
		{A2BA7936-E8B3-44C5-8474-E5114B370E8B}.Release|Mixed Platforms.ActiveCfg = Release|x86
		{A2BA7936-E8B3-44C5-8474-E5114B370E8B}.Release|Mixed Platforms.Build.0 = Release|x86
		{A2BA7936-E8B3-44C5-8474-E5114B370E8B}.Release|x86.ActiveCfg = Release|x86
		{A2BA7936-E8B3-44C5-8474-E5114B370E8B}.Release|x86.Build.0 = Release|x86
		{A740BE5E-A662-488A-9993-1B0BCE29E4FB}.Debug|Any CPU.ActiveCfg = Debug|Any CPU
		{A740BE5E-A662-488A-9993-1B0BCE29E4FB}.Debug|Any CPU.Build.0 = Debug|Any CPU
		{A740BE5E-A662-488A-9993-1B0BCE29E4FB}.Debug|Mixed Platforms.ActiveCfg = Debug|Any CPU
		{A740BE5E-A662-488A-9993-1B0BCE29E4FB}.Debug|Mixed Platforms.Build.0 = Debug|Any CPU
		{A740BE5E-A662-488A-9993-1B0BCE29E4FB}.Debug|x86.ActiveCfg = Debug|Any CPU
		{A740BE5E-A662-488A-9993-1B0BCE29E4FB}.Release|Any CPU.ActiveCfg = Release|Any CPU
		{A740BE5E-A662-488A-9993-1B0BCE29E4FB}.Release|Any CPU.Build.0 = Release|Any CPU
		{A740BE5E-A662-488A-9993-1B0BCE29E4FB}.Release|Mixed Platforms.ActiveCfg = Release|Any CPU
		{A740BE5E-A662-488A-9993-1B0BCE29E4FB}.Release|Mixed Platforms.Build.0 = Release|Any CPU
		{A740BE5E-A662-488A-9993-1B0BCE29E4FB}.Release|x86.ActiveCfg = Release|Any CPU
		{03AB3314-C3C1-4F3B-B336-DEDDF6DECE6F}.Debug|Any CPU.ActiveCfg = Debug|Any CPU
		{03AB3314-C3C1-4F3B-B336-DEDDF6DECE6F}.Debug|Any CPU.Build.0 = Debug|Any CPU
		{03AB3314-C3C1-4F3B-B336-DEDDF6DECE6F}.Debug|Mixed Platforms.ActiveCfg = Debug|Any CPU
		{03AB3314-C3C1-4F3B-B336-DEDDF6DECE6F}.Debug|Mixed Platforms.Build.0 = Debug|Any CPU
		{03AB3314-C3C1-4F3B-B336-DEDDF6DECE6F}.Debug|x86.ActiveCfg = Debug|Any CPU
		{03AB3314-C3C1-4F3B-B336-DEDDF6DECE6F}.Debug|x86.Build.0 = Debug|Any CPU
		{03AB3314-C3C1-4F3B-B336-DEDDF6DECE6F}.Release|Any CPU.ActiveCfg = Release|Any CPU
		{03AB3314-C3C1-4F3B-B336-DEDDF6DECE6F}.Release|Any CPU.Build.0 = Release|Any CPU
		{03AB3314-C3C1-4F3B-B336-DEDDF6DECE6F}.Release|Mixed Platforms.ActiveCfg = Release|Any CPU
		{03AB3314-C3C1-4F3B-B336-DEDDF6DECE6F}.Release|Mixed Platforms.Build.0 = Release|Any CPU
		{03AB3314-C3C1-4F3B-B336-DEDDF6DECE6F}.Release|x86.ActiveCfg = Release|Any CPU
		{03AB3314-C3C1-4F3B-B336-DEDDF6DECE6F}.Release|x86.Build.0 = Release|Any CPU
		{892BD47B-62A8-4760-AE03-EC07E8D8D3E6}.Debug|Any CPU.ActiveCfg = Debug|Any CPU
		{892BD47B-62A8-4760-AE03-EC07E8D8D3E6}.Debug|Any CPU.Build.0 = Debug|Any CPU
		{892BD47B-62A8-4760-AE03-EC07E8D8D3E6}.Debug|Mixed Platforms.ActiveCfg = Debug|Any CPU
		{892BD47B-62A8-4760-AE03-EC07E8D8D3E6}.Debug|Mixed Platforms.Build.0 = Debug|Any CPU
		{892BD47B-62A8-4760-AE03-EC07E8D8D3E6}.Debug|x86.ActiveCfg = Debug|Any CPU
		{892BD47B-62A8-4760-AE03-EC07E8D8D3E6}.Debug|x86.Build.0 = Debug|Any CPU
		{892BD47B-62A8-4760-AE03-EC07E8D8D3E6}.Release|Any CPU.ActiveCfg = Release|Any CPU
		{892BD47B-62A8-4760-AE03-EC07E8D8D3E6}.Release|Any CPU.Build.0 = Release|Any CPU
		{892BD47B-62A8-4760-AE03-EC07E8D8D3E6}.Release|Mixed Platforms.ActiveCfg = Release|Any CPU
		{892BD47B-62A8-4760-AE03-EC07E8D8D3E6}.Release|Mixed Platforms.Build.0 = Release|Any CPU
		{892BD47B-62A8-4760-AE03-EC07E8D8D3E6}.Release|x86.ActiveCfg = Release|Any CPU
		{892BD47B-62A8-4760-AE03-EC07E8D8D3E6}.Release|x86.Build.0 = Release|Any CPU
	EndGlobalSection
	GlobalSection(SolutionProperties) = preSolution
		HideSolutionNode = FALSE
	EndGlobalSection
	GlobalSection(ExtensibilityGlobals) = postSolution
		SolutionGuid = {16BEC0FA-9996-43FA-B015-2F6B69E94E95}
	EndGlobalSection
EndGlobal
