
Microsoft Visual Studio Solution File, Format Version 12.00
# Visual Studio 2013
VisualStudioVersion = 12.0.31101.0
MinimumVisualStudioVersion = 10.0.40219.1
Project("{FAE04EC0-301F-11D3-BF4B-00C04F79EFBC}") = "Terminal", "Terminal\Terminal.csproj", "{A2BA7936-E8B3-44C5-8474-E5114B370E8B}"
	ProjectSection(ProjectDependencies) = postProject
		{A740BE5E-A662-488A-9993-1B0BCE29E4FB} = {A740BE5E-A662-488A-9993-1B0BCE29E4FB}
	EndProjectSection
EndProject
Project("{FAE04EC0-301F-11D3-BF4B-00C04F79EFBC}") = "Library", "Library\Library.csproj", "{A740BE5E-A662-488A-9993-1B0BCE29E4FB}"
EndProject
Global
	GlobalSection(SolutionConfigurationPlatforms) = preSolution
		Debug|Any CPU = Debug|Any CPU
		Debug|Mixed Platforms = Debug|Mixed Platforms
		Debug|x86 = Debug|x86
		Release|Any CPU = Release|Any CPU
		Release|Mixed Platforms = Release|Mixed Platforms
		Release|x86 = Release|x86
	EndGlobalSection
	GlobalSection(ProjectConfigurationPlatforms) = postSolution
		{A2BA7936-E8B3-44C5-8474-E5114B370E8B}.Debug|Any CPU.ActiveCfg = Debug|x86
		{A2BA7936-E8B3-44C5-8474-E5114B370E8B}.Debug|Mixed Platforms.ActiveCfg = Debug|x86
		{A2BA7936-E8B3-44C5-8474-E5114B370E8B}.Debug|Mixed Platforms.Build.0 = Debug|x86
		{A2BA7936-E8B3-44C5-8474-E5114B370E8B}.Debug|x86.ActiveCfg = Debug|x86
		{A2BA7936-E8B3-44C5-8474-E5114B370E8B}.Debug|x86.Build.0 = Debug|x86
		{A2BA7936-E8B3-44C5-8474-E5114B370E8B}.Release|Any CPU.ActiveCfg = Release|x86
		{A2BA7936-E8B3-44C5-8474-E5114B370E8B}.Release|Mixed Platforms.ActiveCfg = Release|x86
		{A2BA7936-E8B3-44C5-8474-E5114B370E8B}.Release|Mixed Platforms.Build.0 = Release|x86
		{A2BA7936-E8B3-44C5-8474-E5114B370E8B}.Release|x86.ActiveCfg = Release|x86
		{A2BA7936-E8B3-44C5-8474-E5114B370E8B}.Release|x86.Build.0 = Release|x86
		{A740BE5E-A662-488A-9993-1B0BCE29E4FB}.Debug|Any CPU.ActiveCfg = Debug|Any CPU
		{A740BE5E-A662-488A-9993-1B0BCE29E4FB}.Debug|Any CPU.Build.0 = Debug|Any CPU
		{A740BE5E-A662-488A-9993-1B0BCE29E4FB}.Debug|Mixed Platforms.ActiveCfg = Debug|Any CPU
		{A740BE5E-A662-488A-9993-1B0BCE29E4FB}.Debug|Mixed Platforms.Build.0 = Debug|Any CPU
		{A740BE5E-A662-488A-9993-1B0BCE29E4FB}.Debug|x86.ActiveCfg = Debug|Any CPU
		{A740BE5E-A662-488A-9993-1B0BCE29E4FB}.Release|Any CPU.ActiveCfg = Release|Any CPU
		{A740BE5E-A662-488A-9993-1B0BCE29E4FB}.Release|Any CPU.Build.0 = Release|Any CPU
		{A740BE5E-A662-488A-9993-1B0BCE29E4FB}.Release|Mixed Platforms.ActiveCfg = Release|Any CPU
		{A740BE5E-A662-488A-9993-1B0BCE29E4FB}.Release|Mixed Platforms.Build.0 = Release|Any CPU
		{A740BE5E-A662-488A-9993-1B0BCE29E4FB}.Release|x86.ActiveCfg = Release|Any CPU
	EndGlobalSection
	GlobalSection(SolutionProperties) = preSolution
		HideSolutionNode = FALSE
	EndGlobalSection
EndGlobal
